schema: '2.0'
stages:
  preprocess:
    cmd: python src/data/make_dataset.py
    deps:
    - path: src/data/make_dataset.py
      md5: ff334a98fe9c6098016917caa32e9fed
      size: 2249
  feature_engineering:
    cmd: python src/features/build_features.py
    deps:
    - path: src/features/build_features.py
      md5: 8c36d3602084c392c9f11a9c12751498
      size: 4430
  pipeline:
    cmd: python src/models/pipeline.py
    deps:
    - path: src/models/pipeline.py
      md5: 170b9904eb0bb0bc1d7e3520c8e016ad
      size: 1370
  training:
    cmd: python src/models/train_model.py
    deps:
    - path: params.yaml
      md5: f8e526d9972056f352fd91208c7c9d7e
      size: 2575
    - path: src/models/train_model.py
      md5: 24f0f6c859491a55aa1256793e878dfd
      size: 4871
    params:
      params.yaml:
        estimators.SVM.params.random_state: 45
  prediction:
    cmd: python src/models/predict_model.py
    deps:
    - path: src/models/predict_model.py
      md5: 8bb9b1348db2176b2d2427e718d2dcbb
      size: 2408
